
Microsoft Visual Studio Solution File, Format Version 12.00
# Visual Studio Version 16
VisualStudioVersion = 16.0.31702.278
MinimumVisualStudioVersion = 10.0.40219.1
Project("{FAE04EC0-301F-11D3-BF4B-00C04F79EFBC}") = "Task7_1", "Task7\Task7_1.csproj", "{838F6233-CF17-416D-B56E-F6BEC0CE3260}"
EndProject
Project("{FAE04EC0-301F-11D3-BF4B-00C04F79EFBC}") = "Task7_2", "Task7_2\Task7_2.csproj", "{9AF418C2-6762-42C7-B7B1-6B478461C52D}"
EndProject
Global
	GlobalSection(SolutionConfigurationPlatforms) = preSolution
		Debug|Any CPU = Debug|Any CPU
		Release|Any CPU = Release|Any CPU
	EndGlobalSection
	GlobalSection(ProjectConfigurationPlatforms) = postSolution
		{838F6233-CF17-416D-B56E-F6BEC0CE3260}.Debug|Any CPU.ActiveCfg = Debug|Any CPU
		{838F6233-CF17-416D-B56E-F6BEC0CE3260}.Debug|Any CPU.Build.0 = Debug|Any CPU
		{838F6233-CF17-416D-B56E-F6BEC0CE3260}.Release|Any CPU.ActiveCfg = Release|Any CPU
		{838F6233-CF17-416D-B56E-F6BEC0CE3260}.Release|Any CPU.Build.0 = Release|Any CPU
		{9AF418C2-6762-42C7-B7B1-6B478461C52D}.Debug|Any CPU.ActiveCfg = Debug|Any CPU
		{9AF418C2-6762-42C7-B7B1-6B478461C52D}.Debug|Any CPU.Build.0 = Debug|Any CPU
		{9AF418C2-6762-42C7-B7B1-6B478461C52D}.Release|Any CPU.ActiveCfg = Release|Any CPU
		{9AF418C2-6762-42C7-B7B1-6B478461C52D}.Release|Any CPU.Build.0 = Release|Any CPU
	EndGlobalSection
	GlobalSection(SolutionProperties) = preSolution
		HideSolutionNode = FALSE
	EndGlobalSection
	GlobalSection(ExtensibilityGlobals) = postSolution
		SolutionGuid = {7DED430D-E8B4-4D22-9BE6-DF5108CEE850}
	EndGlobalSection
EndGlobal
